{
  "name": "cs341-spring-2022-diagnosis",
  "lockfileVersion": 2,
  "requires": true,
  "packages": {
    "": {
      "dependencies": {
        "react-native-select-dropdown": "^1.7.0"
      }
    },
    "node_modules/react-native-select-dropdown": {
      "version": "1.7.0",
      "resolved": "https://registry.npmjs.org/react-native-select-dropdown/-/react-native-select-dropdown-1.7.0.tgz",
      "integrity": "sha512-zdHOHzrmWdNYLXuC+F1abbJhzUpBMgptWWOKN4gi3ge1gV3uPep/hpBznAUo7jHzObXQh6JHZP/AMmbg/1rWFA=="
    }
  },
  "dependencies": {
    "react-native-select-dropdown": {
      "version": "1.7.0",
      "resolved": "https://registry.npmjs.org/react-native-select-dropdown/-/react-native-select-dropdown-1.7.0.tgz",
      "integrity": "sha512-zdHOHzrmWdNYLXuC+F1abbJhzUpBMgptWWOKN4gi3ge1gV3uPep/hpBznAUo7jHzObXQh6JHZP/AMmbg/1rWFA=="
    }
  }
}
